{
  "originHash" : "9ad5ce1d78d1a67f372f27f6d77fa1ad197eadc2717f053cc09a09fac40efd6a",
  "pins" : [
    {
      "identity" : "module-monitor",
      "kind" : "remoteSourceControl",
      "location" : "https://github.com/miejoy/module-monitor.git",
      "state" : {
        "branch" : "main",
        "revision" : "97578ad7f995b0a4d04b2726431b483f156dc7f5"
      }
    }
  ],
  "version" : 3
}
