{
  "originHash" : "a628d2a6105ff3a921de911adc975c7328a4ab235b1955f35d0368283783353f",
  "pins" : [
    {
      "identity" : "module-monitor",
      "kind" : "remoteSourceControl",
      "location" : "https://github.com/miejoy/module-monitor.git",
      "state" : {
        "branch" : "main",
        "revision" : "1160cf41ccf018ce154819622babe0dd60af12ee"
      }
    }
  ],
  "version" : 3
}
